
Microsoft Visual Studio Solution File, Format Version 12.00
# Visual Studio Version 17
VisualStudioVersion = 17.13.35919.96 d17.13
MinimumVisualStudioVersion = 10.0.40219.1
Project("{FAE04EC0-301F-11D3-BF4B-00C04F79EFBC}") = "ApiChessWebApp", "ApiChessWebApp.csproj", "{408EAAF1-875A-4ABF-B428-EB56986BD969}"
EndProject
Global
	GlobalSection(SolutionConfigurationPlatforms) = preSolution
		Debug|Any CPU = Debug|Any CPU
		Release|Any CPU = Release|Any CPU
	EndGlobalSection
	GlobalSection(ProjectConfigurationPlatforms) = postSolution
		{408EAAF1-875A-4ABF-B428-EB56986BD969}.Debug|Any CPU.ActiveCfg = Debug|Any CPU
		{408EAAF1-875A-4ABF-B428-EB56986BD969}.Debug|Any CPU.Build.0 = Debug|Any CPU
		{408EAAF1-875A-4ABF-B428-EB56986BD969}.Release|Any CPU.ActiveCfg = Release|Any CPU
		{408EAAF1-875A-4ABF-B428-EB56986BD969}.Release|Any CPU.Build.0 = Release|Any CPU
	EndGlobalSection
	GlobalSection(SolutionProperties) = preSolution
		HideSolutionNode = FALSE
	EndGlobalSection
	GlobalSection(ExtensibilityGlobals) = postSolution
		SolutionGuid = {7FF57E67-0654-4BC9-B856-D6C20930186C}
	EndGlobalSection
EndGlobal
